github.com/sujeet-banerjee/go-well-examples-coffee v0.1.0 h1:GJdTWR2ahiGgh0kxUS5n+WqWXNg+mI66nLynoO73svc=
github.com/sujeet-banerjee/go-well-examples-coffee v0.1.0/go.mod h1:FG85frIgx0N8seHhZaxJIlO4SrS+KECe0dFcc1SOwIA=
github.com/sujeet-banerjee/go-well-examples-coffee v0.1.1 h1:I442hWGIUpLmTw3nPjJCsQtzcaHMGDlMWAnB4PPetNQ=
github.com/sujeet-banerjee/go-well-examples-coffee v0.1.1/go.mod h1:FG85frIgx0N8seHhZaxJIlO4SrS+KECe0dFcc1SOwIA=
github.com/sujeet-banerjee/go-well-examples-coffee v0.1.2 h1:bUZH+PGHqnXrQa1V9+mfZvU7nHyBmE1tIRSaNvyz4PQ=
github.com/sujeet-banerjee/go-well-examples-coffee v0.1.2/go.mod h1:FG85frIgx0N8seHhZaxJIlO4SrS+KECe0dFcc1SOwIA=
